
Microsoft Visual Studio Solution File, Format Version 12.00
# Visual Studio 15
VisualStudioVersion = 15.0.27428.2015
MinimumVisualStudioVersion = 10.0.40219.1
Project("{FAE04EC0-301F-11D3-BF4B-00C04F79EFBC}") = "HeapTree1", "HeapTree1\HeapTree1.csproj", "{4C8A9AEF-6494-457A-B338-8F31AEB88346}"
EndProject
Global
	GlobalSection(SolutionConfigurationPlatforms) = preSolution
		Debug|Any CPU = Debug|Any CPU
		Release|Any CPU = Release|Any CPU
	EndGlobalSection
	GlobalSection(ProjectConfigurationPlatforms) = postSolution
		{4C8A9AEF-6494-457A-B338-8F31AEB88346}.Debug|Any CPU.ActiveCfg = Debug|Any CPU
		{4C8A9AEF-6494-457A-B338-8F31AEB88346}.Debug|Any CPU.Build.0 = Debug|Any CPU
		{4C8A9AEF-6494-457A-B338-8F31AEB88346}.Release|Any CPU.ActiveCfg = Release|Any CPU
		{4C8A9AEF-6494-457A-B338-8F31AEB88346}.Release|Any CPU.Build.0 = Release|Any CPU
	EndGlobalSection
	GlobalSection(SolutionProperties) = preSolution
		HideSolutionNode = FALSE
	EndGlobalSection
	GlobalSection(ExtensibilityGlobals) = postSolution
		SolutionGuid = {C9A66669-93FB-4DB4-9C55-9BD46B2E2F2F}
	EndGlobalSection
EndGlobal
